# This file is generated by running "yarn install" inside your project.
# Manual changes might be lost - proceed with caution!

__metadata:
  version: 8
  cacheKey: 10c0

"@ampproject/remapping@npm:^2.3.0":
  version: 2.3.0
  resolution: "@ampproject/remapping@npm:2.3.0"
  dependencies:
    "@jridgewell/gen-mapping": "npm:^0.3.5"
    "@jridgewell/trace-mapping": "npm:^0.3.24"
  checksum: 10c0/81d63cca5443e0f0c72ae18b544cc28c7c0ec2cea46e7cb888bb0e0f411a1191d0d6b7af798d54e30777d8d1488b2ec0732aac2be342d3d7d3ffd271c6f489ed
  languageName: node
  linkType: hard

"@emnapi/core@npm:^1.4.3":
  version: 1.4.3
  resolution: "@emnapi/core@npm:1.4.3"
  dependencies:
    "@emnapi/wasi-threads": "npm:1.0.2"
    tslib: "npm:^2.4.0"
  checksum: 10c0/e30101d16d37ef3283538a35cad60e22095aff2403fb9226a35330b932eb6740b81364d525537a94eb4fb51355e48ae9b10d779c0dd1cdcd55d71461fe4b45c7
  languageName: node
  linkType: hard

"@emnapi/runtime@npm:^1.4.3":
  version: 1.4.3
  resolution: "@emnapi/runtime@npm:1.4.3"
  dependencies:
    tslib: "npm:^2.4.0"
  checksum: 10c0/3b7ab72d21cb4e034f07df80165265f85f445ef3f581d1bc87b67e5239428baa00200b68a7d5e37a0425c3a78320b541b07f76c5530f6f6f95336a6294ebf30b
  languageName: node
  linkType: hard

"@emnapi/wasi-threads@npm:1.0.2, @emnapi/wasi-threads@npm:^1.0.2":
  version: 1.0.2
  resolution: "@emnapi/wasi-threads@npm:1.0.2"
  dependencies:
    tslib: "npm:^2.4.0"
  checksum: 10c0/f0621b1fc715221bd2d8332c0ca922617bcd77cdb3050eae50a124eb8923c54fa425d23982dc8f29d505c8798a62d1049bace8b0686098ff9dd82270e06d772e
  languageName: node
  linkType: hard

"@isaacs/fs-minipass@npm:^4.0.0":
  version: 4.0.1
  resolution: "@isaacs/fs-minipass@npm:4.0.1"
  dependencies:
    minipass: "npm:^7.0.4"
  checksum: 10c0/c25b6dc1598790d5b55c0947a9b7d111cfa92594db5296c3b907e2f533c033666f692a3939eadac17b1c7c40d362d0b0635dc874cbfe3e70db7c2b07cc97a5d2
  languageName: node
  linkType: hard

"@jridgewell/gen-mapping@npm:^0.3.5":
  version: 0.3.8
  resolution: "@jridgewell/gen-mapping@npm:0.3.8"
  dependencies:
    "@jridgewell/set-array": "npm:^1.2.1"
    "@jridgewell/sourcemap-codec": "npm:^1.4.10"
    "@jridgewell/trace-mapping": "npm:^0.3.24"
  checksum: 10c0/c668feaf86c501d7c804904a61c23c67447b2137b813b9ce03eca82cb9d65ac7006d766c218685d76e3d72828279b6ee26c347aa1119dab23fbaf36aed51585a
  languageName: node
  linkType: hard

"@jridgewell/resolve-uri@npm:^3.1.0":
  version: 3.1.2
  resolution: "@jridgewell/resolve-uri@npm:3.1.2"
  checksum: 10c0/d502e6fb516b35032331406d4e962c21fe77cdf1cbdb49c6142bcbd9e30507094b18972778a6e27cbad756209cfe34b1a27729e6fa08a2eb92b33943f680cf1e
  languageName: node
  linkType: hard

"@jridgewell/set-array@npm:^1.2.1":
  version: 1.2.1
  resolution: "@jridgewell/set-array@npm:1.2.1"
  checksum: 10c0/2a5aa7b4b5c3464c895c802d8ae3f3d2b92fcbe84ad12f8d0bfbb1f5ad006717e7577ee1fd2eac00c088abe486c7adb27976f45d2941ff6b0b92b2c3302c60f4
  languageName: node
  linkType: hard

"@jridgewell/sourcemap-codec@npm:^1.4.10, @jridgewell/sourcemap-codec@npm:^1.4.14, @jridgewell/sourcemap-codec@npm:^1.5.0":
  version: 1.5.0
  resolution: "@jridgewell/sourcemap-codec@npm:1.5.0"
  checksum: 10c0/2eb864f276eb1096c3c11da3e9bb518f6d9fc0023c78344cdc037abadc725172c70314bdb360f2d4b7bffec7f5d657ce006816bc5d4ecb35e61b66132db00c18
  languageName: node
  linkType: hard

"@jridgewell/trace-mapping@npm:^0.3.24":
  version: 0.3.25
  resolution: "@jridgewell/trace-mapping@npm:0.3.25"
  dependencies:
    "@jridgewell/resolve-uri": "npm:^3.1.0"
    "@jridgewell/sourcemap-codec": "npm:^1.4.14"
  checksum: 10c0/3d1ce6ebc69df9682a5a8896b414c6537e428a1d68b02fcc8363b04284a8ca0df04d0ee3013132252ab14f2527bc13bea6526a912ecb5658f0e39fd2860b4df4
  languageName: node
  linkType: hard

"@napi-rs/wasm-runtime@npm:^0.2.10":
  version: 0.2.11
  resolution: "@napi-rs/wasm-runtime@npm:0.2.11"
  dependencies:
    "@emnapi/core": "npm:^1.4.3"
    "@emnapi/runtime": "npm:^1.4.3"
    "@tybys/wasm-util": "npm:^0.9.0"
  checksum: 10c0/049bd14c58b99fbe0967b95e9921c5503df196b59be22948d2155f17652eb305cff6728efd8685338b855da7e476dd2551fbe3a313fc2d810938f0717478441e
  languageName: node
  linkType: hard

"@tailwindcss/node@npm:4.1.10":
  version: 4.1.10
  resolution: "@tailwindcss/node@npm:4.1.10"
  dependencies:
    "@ampproject/remapping": "npm:^2.3.0"
    enhanced-resolve: "npm:^5.18.1"
    jiti: "npm:^2.4.2"
    lightningcss: "npm:1.30.1"
    magic-string: "npm:^0.30.17"
    source-map-js: "npm:^1.2.1"
    tailwindcss: "npm:4.1.10"
  checksum: 10c0/5cf900fe53ba08b5d9bfbd48925ea2c18eb8f89ae47738d95372152ed9b20c020bf3660ad04fa5dbb67f62ce01efd431cf4d3015d2d43e918fa89ce3c77b5170
  languageName: node
  linkType: hard

"@tailwindcss/oxide-android-arm64@npm:4.1.10":
  version: 4.1.10
  resolution: "@tailwindcss/oxide-android-arm64@npm:4.1.10"
  conditions: os=android & cpu=arm64
  languageName: node
  linkType: hard

"@tailwindcss/oxide-darwin-arm64@npm:4.1.10":
  version: 4.1.10
  resolution: "@tailwindcss/oxide-darwin-arm64@npm:4.1.10"
  conditions: os=darwin & cpu=arm64
  languageName: node
  linkType: hard

"@tailwindcss/oxide-darwin-x64@npm:4.1.10":
  version: 4.1.10
  resolution: "@tailwindcss/oxide-darwin-x64@npm:4.1.10"
  conditions: os=darwin & cpu=x64
  languageName: node
  linkType: hard

"@tailwindcss/oxide-freebsd-x64@npm:4.1.10":
  version: 4.1.10
  resolution: "@tailwindcss/oxide-freebsd-x64@npm:4.1.10"
  conditions: os=freebsd & cpu=x64
  languageName: node
  linkType: hard

"@tailwindcss/oxide-linux-arm-gnueabihf@npm:4.1.10":
  version: 4.1.10
  resolution: "@tailwindcss/oxide-linux-arm-gnueabihf@npm:4.1.10"
  conditions: os=linux & cpu=arm
  languageName: node
  linkType: hard

"@tailwindcss/oxide-linux-arm64-gnu@npm:4.1.10":
  version: 4.1.10
  resolution: "@tailwindcss/oxide-linux-arm64-gnu@npm:4.1.10"
  conditions: os=linux & cpu=arm64 & libc=glibc
  languageName: node
  linkType: hard

"@tailwindcss/oxide-linux-arm64-musl@npm:4.1.10":
  version: 4.1.10
  resolution: "@tailwindcss/oxide-linux-arm64-musl@npm:4.1.10"
  conditions: os=linux & cpu=arm64 & libc=musl
  languageName: node
  linkType: hard

"@tailwindcss/oxide-linux-x64-gnu@npm:4.1.10":
  version: 4.1.10
  resolution: "@tailwindcss/oxide-linux-x64-gnu@npm:4.1.10"
  conditions: os=linux & cpu=x64 & libc=glibc
  languageName: node
  linkType: hard

"@tailwindcss/oxide-linux-x64-musl@npm:4.1.10":
  version: 4.1.10
  resolution: "@tailwindcss/oxide-linux-x64-musl@npm:4.1.10"
  conditions: os=linux & cpu=x64 & libc=musl
  languageName: node
  linkType: hard

"@tailwindcss/oxide-wasm32-wasi@npm:4.1.10":
  version: 4.1.10
  resolution: "@tailwindcss/oxide-wasm32-wasi@npm:4.1.10"
  dependencies:
    "@emnapi/core": "npm:^1.4.3"
    "@emnapi/runtime": "npm:^1.4.3"
    "@emnapi/wasi-threads": "npm:^1.0.2"
    "@napi-rs/wasm-runtime": "npm:^0.2.10"
    "@tybys/wasm-util": "npm:^0.9.0"
    tslib: "npm:^2.8.0"
  conditions: cpu=wasm32
  languageName: node
  linkType: hard

"@tailwindcss/oxide-win32-arm64-msvc@npm:4.1.10":
  version: 4.1.10
  resolution: "@tailwindcss/oxide-win32-arm64-msvc@npm:4.1.10"
  conditions: os=win32 & cpu=arm64
  languageName: node
  linkType: hard

"@tailwindcss/oxide-win32-x64-msvc@npm:4.1.10":
  version: 4.1.10
  resolution: "@tailwindcss/oxide-win32-x64-msvc@npm:4.1.10"
  conditions: os=win32 & cpu=x64
  languageName: node
  linkType: hard

"@tailwindcss/oxide@npm:4.1.10":
  version: 4.1.10
  resolution: "@tailwindcss/oxide@npm:4.1.10"
  dependencies:
    "@tailwindcss/oxide-android-arm64": "npm:4.1.10"
    "@tailwindcss/oxide-darwin-arm64": "npm:4.1.10"
    "@tailwindcss/oxide-darwin-x64": "npm:4.1.10"
    "@tailwindcss/oxide-freebsd-x64": "npm:4.1.10"
    "@tailwindcss/oxide-linux-arm-gnueabihf": "npm:4.1.10"
    "@tailwindcss/oxide-linux-arm64-gnu": "npm:4.1.10"
    "@tailwindcss/oxide-linux-arm64-musl": "npm:4.1.10"
    "@tailwindcss/oxide-linux-x64-gnu": "npm:4.1.10"
    "@tailwindcss/oxide-linux-x64-musl": "npm:4.1.10"
    "@tailwindcss/oxide-wasm32-wasi": "npm:4.1.10"
    "@tailwindcss/oxide-win32-arm64-msvc": "npm:4.1.10"
    "@tailwindcss/oxide-win32-x64-msvc": "npm:4.1.10"
    detect-libc: "npm:^2.0.4"
    tar: "npm:^7.4.3"
  dependenciesMeta:
    "@tailwindcss/oxide-android-arm64":
      optional: true
    "@tailwindcss/oxide-darwin-arm64":
      optional: true
    "@tailwindcss/oxide-darwin-x64":
      optional: true
    "@tailwindcss/oxide-freebsd-x64":
      optional: true
    "@tailwindcss/oxide-linux-arm-gnueabihf":
      optional: true
    "@tailwindcss/oxide-linux-arm64-gnu":
      optional: true
    "@tailwindcss/oxide-linux-arm64-musl":
      optional: true
    "@tailwindcss/oxide-linux-x64-gnu":
      optional: true
    "@tailwindcss/oxide-linux-x64-musl":
      optional: true
    "@tailwindcss/oxide-wasm32-wasi":
      optional: true
    "@tailwindcss/oxide-win32-arm64-msvc":
      optional: true
    "@tailwindcss/oxide-win32-x64-msvc":
      optional: true
  checksum: 10c0/38adecfedb1854acbf82538881b9caf475e656a3cb9b86d860c0bfac5f3f042da34c85d664506ab0feaff2d6106d29d74afc93ea8c4281e4eac35da690f6ca5c
  languageName: node
  linkType: hard

"@tailwindcss/vite@npm:^4.1.10":
  version: 4.1.10
  resolution: "@tailwindcss/vite@npm:4.1.10"
  dependencies:
    "@tailwindcss/node": "npm:4.1.10"
    "@tailwindcss/oxide": "npm:4.1.10"
    tailwindcss: "npm:4.1.10"
  peerDependencies:
    vite: ^5.2.0 || ^6
  checksum: 10c0/aedb70f4291a7fc78e0ff393f6dcf372678a21577a80dd2fa5a75743a04313baa64526207cabb6d07e700669c2764884300527f30e8ef43539f5e789c3e32146
  languageName: node
  linkType: hard

"@tybys/wasm-util@npm:^0.9.0":
  version: 0.9.0
  resolution: "@tybys/wasm-util@npm:0.9.0"
  dependencies:
    tslib: "npm:^2.4.0"
  checksum: 10c0/f9fde5c554455019f33af6c8215f1a1435028803dc2a2825b077d812bed4209a1a64444a4ca0ce2ea7e1175c8d88e2f9173a36a33c199e8a5c671aa31de8242d
  languageName: node
  linkType: hard

"chownr@npm:^3.0.0":
  version: 3.0.0
  resolution: "chownr@npm:3.0.0"
  checksum: 10c0/43925b87700f7e3893296c8e9c56cc58f926411cce3a6e5898136daaf08f08b9a8eb76d37d3267e707d0dcc17aed2e2ebdf5848c0c3ce95cf910a919935c1b10
  languageName: node
  linkType: hard

"detect-libc@npm:^2.0.3, detect-libc@npm:^2.0.4":
  version: 2.0.4
  resolution: "detect-libc@npm:2.0.4"
  checksum: 10c0/c15541f836eba4b1f521e4eecc28eefefdbc10a94d3b8cb4c507689f332cc111babb95deda66f2de050b22122113189986d5190be97d51b5a2b23b938415e67c
  languageName: node
  linkType: hard

"enhanced-resolve@npm:^5.18.1":
  version: 5.18.1
  resolution: "enhanced-resolve@npm:5.18.1"
  dependencies:
    graceful-fs: "npm:^4.2.4"
    tapable: "npm:^2.2.0"
  checksum: 10c0/4cffd9b125225184e2abed9fdf0ed3dbd2224c873b165d0838fd066cde32e0918626cba2f1f4bf6860762f13a7e2364fd89a82b99566be2873d813573ac71846
  languageName: node
  linkType: hard

"graceful-fs@npm:^4.2.4":
  version: 4.2.11
  resolution: "graceful-fs@npm:4.2.11"
  checksum: 10c0/386d011a553e02bc594ac2ca0bd6d9e4c22d7fa8cfbfc448a6d148c59ea881b092db9dbe3547ae4b88e55f1b01f7c4a2ecc53b310c042793e63aa44cf6c257f2
  languageName: node
  linkType: hard

"jiti@npm:^2.4.2":
  version: 2.4.2
  resolution: "jiti@npm:2.4.2"
  bin:
    jiti: lib/jiti-cli.mjs
  checksum: 10c0/4ceac133a08c8faff7eac84aabb917e85e8257f5ad659e843004ce76e981c457c390a220881748ac67ba1b940b9b729b30fb85cbaf6e7989f04b6002c94da331
  languageName: node
  linkType: hard

"lightningcss-darwin-arm64@npm:1.30.1":
  version: 1.30.1
  resolution: "lightningcss-darwin-arm64@npm:1.30.1"
  conditions: os=darwin & cpu=arm64
  languageName: node
  linkType: hard

"lightningcss-darwin-x64@npm:1.30.1":
  version: 1.30.1
  resolution: "lightningcss-darwin-x64@npm:1.30.1"
  conditions: os=darwin & cpu=x64
  languageName: node
  linkType: hard

"lightningcss-freebsd-x64@npm:1.30.1":
  version: 1.30.1
  resolution: "lightningcss-freebsd-x64@npm:1.30.1"
  conditions: os=freebsd & cpu=x64
  languageName: node
  linkType: hard

"lightningcss-linux-arm-gnueabihf@npm:1.30.1":
  version: 1.30.1
  resolution: "lightningcss-linux-arm-gnueabihf@npm:1.30.1"
  conditions: os=linux & cpu=arm
  languageName: node
  linkType: hard

"lightningcss-linux-arm64-gnu@npm:1.30.1":
  version: 1.30.1
  resolution: "lightningcss-linux-arm64-gnu@npm:1.30.1"
  conditions: os=linux & cpu=arm64 & libc=glibc
  languageName: node
  linkType: hard

"lightningcss-linux-arm64-musl@npm:1.30.1":
  version: 1.30.1
  resolution: "lightningcss-linux-arm64-musl@npm:1.30.1"
  conditions: os=linux & cpu=arm64 & libc=musl
  languageName: node
  linkType: hard

"lightningcss-linux-x64-gnu@npm:1.30.1":
  version: 1.30.1
  resolution: "lightningcss-linux-x64-gnu@npm:1.30.1"
  conditions: os=linux & cpu=x64 & libc=glibc
  languageName: node
  linkType: hard

"lightningcss-linux-x64-musl@npm:1.30.1":
  version: 1.30.1
  resolution: "lightningcss-linux-x64-musl@npm:1.30.1"
  conditions: os=linux & cpu=x64 & libc=musl
  languageName: node
  linkType: hard

"lightningcss-win32-arm64-msvc@npm:1.30.1":
  version: 1.30.1
  resolution: "lightningcss-win32-arm64-msvc@npm:1.30.1"
  conditions: os=win32 & cpu=arm64
  languageName: node
  linkType: hard

"lightningcss-win32-x64-msvc@npm:1.30.1":
  version: 1.30.1
  resolution: "lightningcss-win32-x64-msvc@npm:1.30.1"
  conditions: os=win32 & cpu=x64
  languageName: node
  linkType: hard

"lightningcss@npm:1.30.1":
  version: 1.30.1
  resolution: "lightningcss@npm:1.30.1"
  dependencies:
    detect-libc: "npm:^2.0.3"
    lightningcss-darwin-arm64: "npm:1.30.1"
    lightningcss-darwin-x64: "npm:1.30.1"
    lightningcss-freebsd-x64: "npm:1.30.1"
    lightningcss-linux-arm-gnueabihf: "npm:1.30.1"
    lightningcss-linux-arm64-gnu: "npm:1.30.1"
    lightningcss-linux-arm64-musl: "npm:1.30.1"
    lightningcss-linux-x64-gnu: "npm:1.30.1"
    lightningcss-linux-x64-musl: "npm:1.30.1"
    lightningcss-win32-arm64-msvc: "npm:1.30.1"
    lightningcss-win32-x64-msvc: "npm:1.30.1"
  dependenciesMeta:
    lightningcss-darwin-arm64:
      optional: true
    lightningcss-darwin-x64:
      optional: true
    lightningcss-freebsd-x64:
      optional: true
    lightningcss-linux-arm-gnueabihf:
      optional: true
    lightningcss-linux-arm64-gnu:
      optional: true
    lightningcss-linux-arm64-musl:
      optional: true
    lightningcss-linux-x64-gnu:
      optional: true
    lightningcss-linux-x64-musl:
      optional: true
    lightningcss-win32-arm64-msvc:
      optional: true
    lightningcss-win32-x64-msvc:
      optional: true
  checksum: 10c0/1e1ad908f3c68bf39d964a6735435a8dd5474fb2765076732d64a7b6aa2af1f084da65a9462443a9adfebf7dcfb02fb532fce1d78697f2a9de29c8f40f09aee3
  languageName: node
  linkType: hard

"magic-string@npm:^0.30.17":
  version: 0.30.17
  resolution: "magic-string@npm:0.30.17"
  dependencies:
    "@jridgewell/sourcemap-codec": "npm:^1.5.0"
  checksum: 10c0/16826e415d04b88378f200fe022b53e638e3838b9e496edda6c0e086d7753a44a6ed187adc72d19f3623810589bf139af1a315541cd6a26ae0771a0193eaf7b8
  languageName: node
  linkType: hard

"minipass@npm:^7.0.4, minipass@npm:^7.1.2":
  version: 7.1.2
  resolution: "minipass@npm:7.1.2"
  checksum: 10c0/b0fd20bb9fb56e5fa9a8bfac539e8915ae07430a619e4b86ff71f5fc757ef3924b23b2c4230393af1eda647ed3d75739e4e0acb250a6b1eb277cf7f8fe449557
  languageName: node
  linkType: hard

"minizlib@npm:^3.0.1":
  version: 3.0.2
  resolution: "minizlib@npm:3.0.2"
  dependencies:
    minipass: "npm:^7.1.2"
  checksum: 10c0/9f3bd35e41d40d02469cb30470c55ccc21cae0db40e08d1d0b1dff01cc8cc89a6f78e9c5d2b7c844e485ec0a8abc2238111213fdc5b2038e6d1012eacf316f78
  languageName: node
  linkType: hard

"mkdirp@npm:^3.0.1":
  version: 3.0.1
  resolution: "mkdirp@npm:3.0.1"
  bin:
    mkdirp: dist/cjs/src/bin.js
  checksum: 10c0/9f2b975e9246351f5e3a40dcfac99fcd0baa31fbfab615fe059fb11e51f10e4803c63de1f384c54d656e4db31d000e4767e9ef076a22e12a641357602e31d57d
  languageName: node
  linkType: hard

"route-task-tailwind@workspace:.":
  version: 0.0.0-use.local
  resolution: "route-task-tailwind@workspace:."
  dependencies:
    "@tailwindcss/vite": "npm:^4.1.10"
    tailwindcss: "npm:^4.1.10"
  languageName: unknown
  linkType: soft

"source-map-js@npm:^1.2.1":
  version: 1.2.1
  resolution: "source-map-js@npm:1.2.1"
  checksum: 10c0/7bda1fc4c197e3c6ff17de1b8b2c20e60af81b63a52cb32ec5a5d67a20a7d42651e2cb34ebe93833c5a2a084377e17455854fee3e21e7925c64a51b6a52b0faf
  languageName: node
  linkType: hard

"tailwindcss@npm:4.1.10, tailwindcss@npm:^4.1.10":
  version: 4.1.10
  resolution: "tailwindcss@npm:4.1.10"
  checksum: 10c0/9da74ee1f25d6065150f132a3eb18caad82cd9902b7c552278eb627266c68b12990a22bb4b6169d04ce775c058a8d2638a5051be905be99961889c572e2aeab8
  languageName: node
  linkType: hard

"tapable@npm:^2.2.0":
  version: 2.2.2
  resolution: "tapable@npm:2.2.2"
  checksum: 10c0/8ad130aa705cab6486ad89e42233569a1fb1ff21af115f59cebe9f2b45e9e7995efceaa9cc5062510cdb4ec673b527924b2ab812e3579c55ad659ae92117011e
  languageName: node
  linkType: hard

"tar@npm:^7.4.3":
  version: 7.4.3
  resolution: "tar@npm:7.4.3"
  dependencies:
    "@isaacs/fs-minipass": "npm:^4.0.0"
    chownr: "npm:^3.0.0"
    minipass: "npm:^7.1.2"
    minizlib: "npm:^3.0.1"
    mkdirp: "npm:^3.0.1"
    yallist: "npm:^5.0.0"
  checksum: 10c0/d4679609bb2a9b48eeaf84632b6d844128d2412b95b6de07d53d8ee8baf4ca0857c9331dfa510390a0727b550fd543d4d1a10995ad86cdf078423fbb8d99831d
  languageName: node
  linkType: hard

"tslib@npm:^2.4.0, tslib@npm:^2.8.0":
  version: 2.8.1
  resolution: "tslib@npm:2.8.1"
  checksum: 10c0/9c4759110a19c53f992d9aae23aac5ced636e99887b51b9e61def52611732872ff7668757d4e4c61f19691e36f4da981cd9485e869b4a7408d689f6bf1f14e62
  languageName: node
  linkType: hard

"yallist@npm:^5.0.0":
  version: 5.0.0
  resolution: "yallist@npm:5.0.0"
  checksum: 10c0/a499c81ce6d4a1d260d4ea0f6d49ab4da09681e32c3f0472dee16667ed69d01dae63a3b81745a24bd78476ec4fcf856114cb4896ace738e01da34b2c42235416
  languageName: node
  linkType: hard
